// !$*UTF8*$!
{
	archiveVersion = 1;
	classes = {
	};
	objectVersion = 56;
	objects = {

/* Begin PBXBuildFile section */
		79938B6829E8755800A3F654 /* AFL3_0706012110046_WilliamJohnsonWonggeApp.swift in Sources */ = {isa = PBXBuildFile; fileRef = 79938B6729E8755800A3F654 /* AFL3_0706012110046_WilliamJohnsonWonggeApp.swift */; };
		79938B6A29E8755800A3F654 /* ContentView.swift in Sources */ = {isa = PBXBuildFile; fileRef = 79938B6929E8755800A3F654 /* ContentView.swift */; };
		79938B6C29E8755C00A3F654 /* Assets.xcassets in Resources */ = {isa = PBXBuildFile; fileRef = 79938B6B29E8755C00A3F654 /* Assets.xcassets */; };
		79938B6F29E8755C00A3F654 /* Preview Assets.xcassets in Resources */ = {isa = PBXBuildFile; fileRef = 79938B6E29E8755C00A3F654 /* Preview Assets.xcassets */; };
		79938B7929E8755D00A3F654 /* AFL3_0706012110046_WilliamJohnsonWonggeTests.swift in Sources */ = {isa = PBXBuildFile; fileRef = 79938B7829E8755D00A3F654 /* AFL3_0706012110046_WilliamJohnsonWonggeTests.swift */; };
		79938B8329E8755D00A3F654 /* AFL3_0706012110046_WilliamJohnsonWonggeUITests.swift in Sources */ = {isa = PBXBuildFile; fileRef = 79938B8229E8755D00A3F654 /* AFL3_0706012110046_WilliamJohnsonWonggeUITests.swift */; };
		79938B8529E8755D00A3F654 /* AFL3_0706012110046_WilliamJohnsonWonggeUITestsLaunchTests.swift in Sources */ = {isa = PBXBuildFile; fileRef = 79938B8429E8755D00A3F654 /* AFL3_0706012110046_WilliamJohnsonWonggeUITestsLaunchTests.swift */; };
		79938B9229E881D600A3F654 /* CircleImage.swift in Sources */ = {isa = PBXBuildFile; fileRef = 79938B9129E881D600A3F654 /* CircleImage.swift */; };
		79938B9429E883A300A3F654 /* MapView.swift in Sources */ = {isa = PBXBuildFile; fileRef = 79938B9329E883A300A3F654 /* MapView.swift */; };
/* End PBXBuildFile section */

/* Begin PBXContainerItemProxy section */
		79938B7529E8755D00A3F654 /* PBXContainerItemProxy */ = {
			isa = PBXContainerItemProxy;
			containerPortal = 79938B5C29E8755700A3F654 /* Project object */;
			proxyType = 1;
			remoteGlobalIDString = 79938B6329E8755800A3F654;
			remoteInfo = "AFL3-0706012110046-WilliamJohnsonWongge";
		};
		79938B7F29E8755D00A3F654 /* PBXContainerItemProxy */ = {
			isa = PBXContainerItemProxy;
			containerPortal = 79938B5C29E8755700A3F654 /* Project object */;
			proxyType = 1;
			remoteGlobalIDString = 79938B6329E8755800A3F654;
			remoteInfo = "AFL3-0706012110046-WilliamJohnsonWongge";
		};
/* End PBXContainerItemProxy section */

/* Begin PBXFileReference section */
		79938B6429E8755800A3F654 /* AFL3-0706012110046-WilliamJohnsonWongge.app */ = {isa = PBXFileReference; explicitFileType = wrapper.application; includeInIndex = 0; path = "AFL3-0706012110046-WilliamJohnsonWongge.app"; sourceTree = BUILT_PRODUCTS_DIR; };
		79938B6729E8755800A3F654 /* AFL3_0706012110046_WilliamJohnsonWonggeApp.swift */ = {isa = PBXFileReference; lastKnownFileType = sourcecode.swift; path = AFL3_0706012110046_WilliamJohnsonWonggeApp.swift; sourceTree = "<group>"; };
		79938B6929E8755800A3F654 /* ContentView.swift */ = {isa = PBXFileReference; lastKnownFileType = sourcecode.swift; path = ContentView.swift; sourceTree = "<group>"; };
		79938B6B29E8755C00A3F654 /* Assets.xcassets */ = {isa = PBXFileReference; lastKnownFileType = folder.assetcatalog; path = Assets.xcassets; sourceTree = "<group>"; };
		79938B6E29E8755C00A3F654 /* Preview Assets.xcassets */ = {isa = PBXFileReference; lastKnownFileType = folder.assetcatalog; path = "Preview Assets.xcassets"; sourceTree = "<group>"; };
		79938B7429E8755D00A3F654 /* AFL3-0706012110046-WilliamJohnsonWonggeTests.xctest */ = {isa = PBXFileReference; explicitFileType = wrapper.cfbundle; includeInIndex = 0; path = "AFL3-0706012110046-WilliamJohnsonWonggeTests.xctest"; sourceTree = BUILT_PRODUCTS_DIR; };
		79938B7829E8755D00A3F654 /* AFL3_0706012110046_WilliamJohnsonWonggeTests.swift */ = {isa = PBXFileReference; lastKnownFileType = sourcecode.swift; path = AFL3_0706012110046_WilliamJohnsonWonggeTests.swift; sourceTree = "<group>"; };
		79938B7E29E8755D00A3F654 /* AFL3-0706012110046-WilliamJohnsonWonggeUITests.xctest */ = {isa = PBXFileReference; explicitFileType = wrapper.cfbundle; includeInIndex = 0; path = "AFL3-0706012110046-WilliamJohnsonWonggeUITests.xctest"; sourceTree = BUILT_PRODUCTS_DIR; };
		79938B8229E8755D00A3F654 /* AFL3_0706012110046_WilliamJohnsonWonggeUITests.swift */ = {isa = PBXFileReference; lastKnownFileType = sourcecode.swift; path = AFL3_0706012110046_WilliamJohnsonWonggeUITests.swift; sourceTree = "<group>"; };
		79938B8429E8755D00A3F654 /* AFL3_0706012110046_WilliamJohnsonWonggeUITestsLaunchTests.swift */ = {isa = PBXFileReference; lastKnownFileType = sourcecode.swift; path = AFL3_0706012110046_WilliamJohnsonWonggeUITestsLaunchTests.swift; sourceTree = "<group>"; };
		79938B9129E881D600A3F654 /* CircleImage.swift */ = {isa = PBXFileReference; lastKnownFileType = sourcecode.swift; path = CircleImage.swift; sourceTree = "<group>"; };
		79938B9329E883A300A3F654 /* MapView.swift */ = {isa = PBXFileReference; lastKnownFileType = sourcecode.swift; path = MapView.swift; sourceTree = "<group>"; };
/* End PBXFileReference section */

/* Begin PBXFrameworksBuildPhase section */
		79938B6129E8755800A3F654 /* Frameworks */ = {
			isa = PBXFrameworksBuildPhase;
			buildActionMask = 2147483647;
			files = (
			);
			runOnlyForDeploymentPostprocessing = 0;
		};
		79938B7129E8755D00A3F654 /* Frameworks */ = {
			isa = PBXFrameworksBuildPhase;
			buildActionMask = 2147483647;
			files = (
			);
			runOnlyForDeploymentPostprocessing = 0;
		};
		79938B7B29E8755D00A3F654 /* Frameworks */ = {
			isa = PBXFrameworksBuildPhase;
			buildActionMask = 2147483647;
			files = (
			);
			runOnlyForDeploymentPostprocessing = 0;
		};
/* End PBXFrameworksBuildPhase section */

/* Begin PBXGroup section */
		79938B5B29E8755700A3F654 = {
			isa = PBXGroup;
			children = (
				79938B6629E8755800A3F654 /* AFL3-0706012110046-WilliamJohnsonWongge */,
				79938B7729E8755D00A3F654 /* AFL3-0706012110046-WilliamJohnsonWonggeTests */,
				79938B8129E8755D00A3F654 /* AFL3-0706012110046-WilliamJohnsonWonggeUITests */,
				79938B6529E8755800A3F654 /* Products */,
			);
			sourceTree = "<group>";
		};
		79938B6529E8755800A3F654 /* Products */ = {
			isa = PBXGroup;
			children = (
				79938B6429E8755800A3F654 /* AFL3-0706012110046-WilliamJohnsonWongge.app */,
				79938B7429E8755D00A3F654 /* AFL3-0706012110046-WilliamJohnsonWonggeTests.xctest */,
				79938B7E29E8755D00A3F654 /* AFL3-0706012110046-WilliamJohnsonWonggeUITests.xctest */,
			);
			name = Products;
			sourceTree = "<group>";
		};
		79938B6629E8755800A3F654 /* AFL3-0706012110046-WilliamJohnsonWongge */ = {
			isa = PBXGroup;
			children = (
				79938B6729E8755800A3F654 /* AFL3_0706012110046_WilliamJohnsonWonggeApp.swift */,
				79938B6929E8755800A3F654 /* ContentView.swift */,
				79938B6B29E8755C00A3F654 /* Assets.xcassets */,
				79938B9129E881D600A3F654 /* CircleImage.swift */,
				79938B9329E883A300A3F654 /* MapView.swift */,
				79938B6D29E8755C00A3F654 /* Preview Content */,
			);
			path = "AFL3-0706012110046-WilliamJohnsonWongge";
			sourceTree = "<group>";
		};
		79938B6D29E8755C00A3F654 /* Preview Content */ = {
			isa = PBXGroup;
			children = (
				79938B6E29E8755C00A3F654 /* Preview Assets.xcassets */,
			);
			path = "Preview Content";
			sourceTree = "<group>";
		};
		79938B7729E8755D00A3F654 /* AFL3-0706012110046-WilliamJohnsonWonggeTests */ = {
			isa = PBXGroup;
			children = (
				79938B7829E8755D00A3F654 /* AFL3_0706012110046_WilliamJohnsonWonggeTests.swift */,
			);
			path = "AFL3-0706012110046-WilliamJohnsonWonggeTests";
			sourceTree = "<group>";
		};
		79938B8129E8755D00A3F654 /* AFL3-0706012110046-WilliamJohnsonWonggeUITests */ = {
			isa = PBXGroup;
			children = (
				79938B8229E8755D00A3F654 /* AFL3_0706012110046_WilliamJohnsonWonggeUITests.swift */,
				79938B8429E8755D00A3F654 /* AFL3_0706012110046_WilliamJohnsonWonggeUITestsLaunchTests.swift */,
			);
			path = "AFL3-0706012110046-WilliamJohnsonWonggeUITests";
			sourceTree = "<group>";
		};
/* End PBXGroup section */

/* Begin PBXNativeTarget section */
		79938B6329E8755800A3F654 /* AFL3-0706012110046-WilliamJohnsonWongge */ = {
			isa = PBXNativeTarget;
			buildConfigurationList = 79938B8829E8755D00A3F654 /* Build configuration list for PBXNativeTarget "AFL3-0706012110046-WilliamJohnsonWongge" */;
			buildPhases = (
				79938B6029E8755800A3F654 /* Sources */,
				79938B6129E8755800A3F654 /* Frameworks */,
				79938B6229E8755800A3F654 /* Resources */,
			);
			buildRules = (
			);
			dependencies = (
			);
			name = "AFL3-0706012110046-WilliamJohnsonWongge";
			productName = "AFL3-0706012110046-WilliamJohnsonWongge";
			productReference = 79938B6429E8755800A3F654 /* AFL3-0706012110046-WilliamJohnsonWongge.app */;
			productType = "com.apple.product-type.application";
		};
		79938B7329E8755D00A3F654 /* AFL3-0706012110046-WilliamJohnsonWonggeTests */ = {
			isa = PBXNativeTarget;
			buildConfigurationList = 79938B8B29E8755D00A3F654 /* Build configuration list for PBXNativeTarget "AFL3-0706012110046-WilliamJohnsonWonggeTests" */;
			buildPhases = (
				79938B7029E8755D00A3F654 /* Sources */,
				79938B7129E8755D00A3F654 /* Frameworks */,
				79938B7229E8755D00A3F654 /* Resources */,
			);
			buildRules = (
			);
			dependencies = (
				79938B7629E8755D00A3F654 /* PBXTargetDependency */,
			);
			name = "AFL3-0706012110046-WilliamJohnsonWonggeTests";
			productName = "AFL3-0706012110046-WilliamJohnsonWonggeTests";
			productReference = 79938B7429E8755D00A3F654 /* AFL3-0706012110046-WilliamJohnsonWonggeTests.xctest */;
			productType = "com.apple.product-type.bundle.unit-test";
		};
		79938B7D29E8755D00A3F654 /* AFL3-0706012110046-WilliamJohnsonWonggeUITests */ = {
			isa = PBXNativeTarget;
			buildConfigurationList = 79938B8E29E8755D00A3F654 /* Build configuration list for PBXNativeTarget "AFL3-0706012110046-WilliamJohnsonWonggeUITests" */;
			buildPhases = (
				79938B7A29E8755D00A3F654 /* Sources */,
				79938B7B29E8755D00A3F654 /* Frameworks */,
				79938B7C29E8755D00A3F654 /* Resources */,
			);
			buildRules = (
			);
			dependencies = (
				79938B8029E8755D00A3F654 /* PBXTargetDependency */,
			);
			name = "AFL3-0706012110046-WilliamJohnsonWonggeUITests";
			productName = "AFL3-0706012110046-WilliamJohnsonWonggeUITests";
			productReference = 79938B7E29E8755D00A3F654 /* AFL3-0706012110046-WilliamJohnsonWonggeUITests.xctest */;
			productType = "com.apple.product-type.bundle.ui-testing";
		};
/* End PBXNativeTarget section */

/* Begin PBXProject section */
		79938B5C29E8755700A3F654 /* Project object */ = {
			isa = PBXProject;
			attributes = {
				BuildIndependentTargetsInParallel = 1;
				LastSwiftUpdateCheck = 1430;
				LastUpgradeCheck = 1430;
				TargetAttributes = {
					79938B6329E8755800A3F654 = {
						CreatedOnToolsVersion = 14.3;
					};
					79938B7329E8755D00A3F654 = {
						CreatedOnToolsVersion = 14.3;
						TestTargetID = 79938B6329E8755800A3F654;
					};
					79938B7D29E8755D00A3F654 = {
						CreatedOnToolsVersion = 14.3;
						TestTargetID = 79938B6329E8755800A3F654;
					};
				};
			};
			buildConfigurationList = 79938B5F29E8755700A3F654 /* Build configuration list for PBXProject "AFL3-0706012110046-WilliamJohnsonWongge" */;
			compatibilityVersion = "Xcode 14.0";
			developmentRegion = en;
			hasScannedForEncodings = 0;
			knownRegions = (
				en,
				Base,
			);
			mainGroup = 79938B5B29E8755700A3F654;
			productRefGroup = 79938B6529E8755800A3F654 /* Products */;
			projectDirPath = "";
			projectRoot = "";
			targets = (
				79938B6329E8755800A3F654 /* AFL3-0706012110046-WilliamJohnsonWongge */,
				79938B7329E8755D00A3F654 /* AFL3-0706012110046-WilliamJohnsonWonggeTests */,
				79938B7D29E8755D00A3F654 /* AFL3-0706012110046-WilliamJohnsonWonggeUITests */,
			);
		};
/* End PBXProject section */

/* Begin PBXResourcesBuildPhase section */
		79938B6229E8755800A3F654 /* Resources */ = {
			isa = PBXResourcesBuildPhase;
			buildActionMask = 2147483647;
			files = (
				79938B6F29E8755C00A3F654 /* Preview Assets.xcassets in Resources */,
				79938B6C29E8755C00A3F654 /* Assets.xcassets in Resources */,
			);
			runOnlyForDeploymentPostprocessing = 0;
		};
		79938B7229E8755D00A3F654 /* Resources */ = {
			isa = PBXResourcesBuildPhase;
			buildActionMask = 2147483647;
			files = (
			);
			runOnlyForDeploymentPostprocessing = 0;
		};
		79938B7C29E8755D00A3F654 /* Resources */ = {
			isa = PBXResourcesBuildPhase;
			buildActionMask = 2147483647;
			files = (
			);
			runOnlyForDeploymentPostprocessing = 0;
		};
/* End PBXResourcesBuildPhase section */

/* Begin PBXSourcesBuildPhase section */
		79938B6029E8755800A3F654 /* Sources */ = {
			isa = PBXSourcesBuildPhase;
			buildActionMask = 2147483647;
			files = (
				79938B6A29E8755800A3F654 /* ContentView.swift in Sources */,
				79938B9429E883A300A3F654 /* MapView.swift in Sources */,
				79938B6829E8755800A3F654 /* AFL3_0706012110046_WilliamJohnsonWonggeApp.swift in Sources */,
				79938B9229E881D600A3F654 /* CircleImage.swift in Sources */,
			);
			runOnlyForDeploymentPostprocessing = 0;
		};
		79938B7029E8755D00A3F654 /* Sources */ = {
			isa = PBXSourcesBuildPhase;
			buildActionMask = 2147483647;
			files = (
				79938B7929E8755D00A3F654 /* AFL3_0706012110046_WilliamJohnsonWonggeTests.swift in Sources */,
			);
			runOnlyForDeploymentPostprocessing = 0;
		};
		79938B7A29E8755D00A3F654 /* Sources */ = {
			isa = PBXSourcesBuildPhase;
			buildActionMask = 2147483647;
			files = (
				79938B8529E8755D00A3F654 /* AFL3_0706012110046_WilliamJohnsonWonggeUITestsLaunchTests.swift in Sources */,
				79938B8329E8755D00A3F654 /* AFL3_0706012110046_WilliamJohnsonWonggeUITests.swift in Sources */,
			);
			runOnlyForDeploymentPostprocessing = 0;
		};
/* End PBXSourcesBuildPhase section */

/* Begin PBXTargetDependency section */
		79938B7629E8755D00A3F654 /* PBXTargetDependency */ = {
			isa = PBXTargetDependency;
			target = 79938B6329E8755800A3F654 /* AFL3-0706012110046-WilliamJohnsonWongge */;
			targetProxy = 79938B7529E8755D00A3F654 /* PBXContainerItemProxy */;
		};
		79938B8029E8755D00A3F654 /* PBXTargetDependency */ = {
			isa = PBXTargetDependency;
			target = 79938B6329E8755800A3F654 /* AFL3-0706012110046-WilliamJohnsonWongge */;
			targetProxy = 79938B7F29E8755D00A3F654 /* PBXContainerItemProxy */;
		};
/* End PBXTargetDependency section */

/* Begin XCBuildConfiguration section */
		79938B8629E8755D00A3F654 /* Debug */ = {
			isa = XCBuildConfiguration;
			buildSettings = {
				ALWAYS_SEARCH_USER_PATHS = NO;
				CLANG_ANALYZER_NONNULL = YES;
				CLANG_ANALYZER_NUMBER_OBJECT_CONVERSION = YES_AGGRESSIVE;
				CLANG_CXX_LANGUAGE_STANDARD = "gnu++20";
				CLANG_ENABLE_MODULES = YES;
				CLANG_ENABLE_OBJC_ARC = YES;
				CLANG_ENABLE_OBJC_WEAK = YES;
				CLANG_WARN_BLOCK_CAPTURE_AUTORELEASING = YES;
				CLANG_WARN_BOOL_CONVERSION = YES;
				CLANG_WARN_COMMA = YES;
				CLANG_WARN_CONSTANT_CONVERSION = YES;
				CLANG_WARN_DEPRECATED_OBJC_IMPLEMENTATIONS = YES;
				CLANG_WARN_DIRECT_OBJC_ISA_USAGE = YES_ERROR;
				CLANG_WARN_DOCUMENTATION_COMMENTS = YES;
				CLANG_WARN_EMPTY_BODY = YES;
				CLANG_WARN_ENUM_CONVERSION = YES;
				CLANG_WARN_INFINITE_RECURSION = YES;
				CLANG_WARN_INT_CONVERSION = YES;
				CLANG_WARN_NON_LITERAL_NULL_CONVERSION = YES;
				CLANG_WARN_OBJC_IMPLICIT_RETAIN_SELF = YES;
				CLANG_WARN_OBJC_LITERAL_CONVERSION = YES;
				CLANG_WARN_OBJC_ROOT_CLASS = YES_ERROR;
				CLANG_WARN_QUOTED_INCLUDE_IN_FRAMEWORK_HEADER = YES;
				CLANG_WARN_RANGE_LOOP_ANALYSIS = YES;
				CLANG_WARN_STRICT_PROTOTYPES = YES;
				CLANG_WARN_SUSPICIOUS_MOVE = YES;
				CLANG_WARN_UNGUARDED_AVAILABILITY = YES_AGGRESSIVE;
				CLANG_WARN_UNREACHABLE_CODE = YES;
				CLANG_WARN__DUPLICATE_METHOD_MATCH = YES;
				COPY_PHASE_STRIP = NO;
				DEBUG_INFORMATION_FORMAT = dwarf;
				ENABLE_STRICT_OBJC_MSGSEND = YES;
				ENABLE_TESTABILITY = YES;
				GCC_C_LANGUAGE_STANDARD = gnu11;
				GCC_DYNAMIC_NO_PIC = NO;
				GCC_NO_COMMON_BLOCKS = YES;
				GCC_OPTIMIZATION_LEVEL = 0;
				GCC_PREPROCESSOR_DEFINITIONS = (
					"DEBUG=1",
					"$(inherited)",
				);
				GCC_WARN_64_TO_32_BIT_CONVERSION = YES;
				GCC_WARN_ABOUT_RETURN_TYPE = YES_ERROR;
				GCC_WARN_UNDECLARED_SELECTOR = YES;
				GCC_WARN_UNINITIALIZED_AUTOS = YES_AGGRESSIVE;
				GCC_WARN_UNUSED_FUNCTION = YES;
				GCC_WARN_UNUSED_VARIABLE = YES;
				IPHONEOS_DEPLOYMENT_TARGET = 16.4;
				MTL_ENABLE_DEBUG_INFO = INCLUDE_SOURCE;
				MTL_FAST_MATH = YES;
				ONLY_ACTIVE_ARCH = YES;
				SDKROOT = iphoneos;
				SWIFT_ACTIVE_COMPILATION_CONDITIONS = DEBUG;
				SWIFT_OPTIMIZATION_LEVEL = "-Onone";
			};
			name = Debug;
		};
		79938B8729E8755D00A3F654 /* Release */ = {
			isa = XCBuildConfiguration;
			buildSettings = {
				ALWAYS_SEARCH_USER_PATHS = NO;
				CLANG_ANALYZER_NONNULL = YES;
				CLANG_ANALYZER_NUMBER_OBJECT_CONVERSION = YES_AGGRESSIVE;
				CLANG_CXX_LANGUAGE_STANDARD = "gnu++20";
				CLANG_ENABLE_MODULES = YES;
				CLANG_ENABLE_OBJC_ARC = YES;
				CLANG_ENABLE_OBJC_WEAK = YES;
				CLANG_WARN_BLOCK_CAPTURE_AUTORELEASING = YES;
				CLANG_WARN_BOOL_CONVERSION = YES;
				CLANG_WARN_COMMA = YES;
				CLANG_WARN_CONSTANT_CONVERSION = YES;
				CLANG_WARN_DEPRECATED_OBJC_IMPLEMENTATIONS = YES;
				CLANG_WARN_DIRECT_OBJC_ISA_USAGE = YES_ERROR;
				CLANG_WARN_DOCUMENTATION_COMMENTS = YES;
				CLANG_WARN_EMPTY_BODY = YES;
				CLANG_WARN_ENUM_CONVERSION = YES;
				CLANG_WARN_INFINITE_RECURSION = YES;
				CLANG_WARN_INT_CONVERSION = YES;
				CLANG_WARN_NON_LITERAL_NULL_CONVERSION = YES;
				CLANG_WARN_OBJC_IMPLICIT_RETAIN_SELF = YES;
				CLANG_WARN_OBJC_LITERAL_CONVERSION = YES;
				CLANG_WARN_OBJC_ROOT_CLASS = YES_ERROR;
				CLANG_WARN_QUOTED_INCLUDE_IN_FRAMEWORK_HEADER = YES;
				CLANG_WARN_RANGE_LOOP_ANALYSIS = YES;
				CLANG_WARN_STRICT_PROTOTYPES = YES;
				CLANG_WARN_SUSPICIOUS_MOVE = YES;
				CLANG_WARN_UNGUARDED_AVAILABILITY = YES_AGGRESSIVE;
				CLANG_WARN_UNREACHABLE_CODE = YES;
				CLANG_WARN__DUPLICATE_METHOD_MATCH = YES;
				COPY_PHASE_STRIP = NO;
				DEBUG_INFORMATION_FORMAT = "dwarf-with-dsym";
				ENABLE_NS_ASSERTIONS = NO;
				ENABLE_STRICT_OBJC_MSGSEND = YES;
				GCC_C_LANGUAGE_STANDARD = gnu11;
				GCC_NO_COMMON_BLOCKS = YES;
				GCC_WARN_64_TO_32_BIT_CONVERSION = YES;
				GCC_WARN_ABOUT_RETURN_TYPE = YES_ERROR;
				GCC_WARN_UNDECLARED_SELECTOR = YES;
				GCC_WARN_UNINITIALIZED_AUTOS = YES_AGGRESSIVE;
				GCC_WARN_UNUSED_FUNCTION = YES;
				GCC_WARN_UNUSED_VARIABLE = YES;
				IPHONEOS_DEPLOYMENT_TARGET = 16.4;
				MTL_ENABLE_DEBUG_INFO = NO;
				MTL_FAST_MATH = YES;
				SDKROOT = iphoneos;
				SWIFT_COMPILATION_MODE = wholemodule;
				SWIFT_OPTIMIZATION_LEVEL = "-O";
				VALIDATE_PRODUCT = YES;
			};
			name = Release;
		};
		79938B8929E8755D00A3F654 /* Debug */ = {
			isa = XCBuildConfiguration;
			buildSettings = {
				ASSETCATALOG_COMPILER_APPICON_NAME = AppIcon;
				ASSETCATALOG_COMPILER_GLOBAL_ACCENT_COLOR_NAME = AccentColor;
				CODE_SIGN_STYLE = Automatic;
				CURRENT_PROJECT_VERSION = 1;
				DEVELOPMENT_ASSET_PATHS = "\"AFL3-0706012110046-WilliamJohnsonWongge/Preview Content\"";
				DEVELOPMENT_TEAM = 9L3R52ZN53;
				ENABLE_PREVIEWS = YES;
				GENERATE_INFOPLIST_FILE = YES;
				INFOPLIST_KEY_UIApplicationSceneManifest_Generation = YES;
				INFOPLIST_KEY_UIApplicationSupportsIndirectInputEvents = YES;
				INFOPLIST_KEY_UILaunchScreen_Generation = YES;
				INFOPLIST_KEY_UISupportedInterfaceOrientations_iPad = "UIInterfaceOrientationPortrait UIInterfaceOrientationPortraitUpsideDown UIInterfaceOrientationLandscapeLeft UIInterfaceOrientationLandscapeRight";
				INFOPLIST_KEY_UISupportedInterfaceOrientations_iPhone = "UIInterfaceOrientationPortrait UIInterfaceOrientationLandscapeLeft UIInterfaceOrientationLandscapeRight";
				LD_RUNPATH_SEARCH_PATHS = (
					"$(inherited)",
					"@executable_path/Frameworks",
				);
				MARKETING_VERSION = 1.0;
				PRODUCT_BUNDLE_IDENTIFIER = "com.uc.AFL3-0706012110046-WilliamJohnsonWongge";
				PRODUCT_NAME = "$(TARGET_NAME)";
				SWIFT_EMIT_LOC_STRINGS = YES;
				SWIFT_VERSION = 5.0;
				TARGETED_DEVICE_FAMILY = "1,2";
			};
			name = Debug;
		};
		79938B8A29E8755D00A3F654 /* Release */ = {
			isa = XCBuildConfiguration;
			buildSettings = {
				ASSETCATALOG_COMPILER_APPICON_NAME = AppIcon;
				ASSETCATALOG_COMPILER_GLOBAL_ACCENT_COLOR_NAME = AccentColor;
				CODE_SIGN_STYLE = Automatic;
				CURRENT_PROJECT_VERSION = 1;
				DEVELOPMENT_ASSET_PATHS = "\"AFL3-0706012110046-WilliamJohnsonWongge/Preview Content\"";
				DEVELOPMENT_TEAM = 9L3R52ZN53;
				ENABLE_PREVIEWS = YES;
				GENERATE_INFOPLIST_FILE = YES;
				INFOPLIST_KEY_UIApplicationSceneManifest_Generation = YES;
				INFOPLIST_KEY_UIApplicationSupportsIndirectInputEvents = YES;
				INFOPLIST_KEY_UILaunchScreen_Generation = YES;
				INFOPLIST_KEY_UISupportedInterfaceOrientations_iPad = "UIInterfaceOrientationPortrait UIInterfaceOrientationPortraitUpsideDown UIInterfaceOrientationLandscapeLeft UIInterfaceOrientationLandscapeRight";
				INFOPLIST_KEY_UISupportedInterfaceOrientations_iPhone = "UIInterfaceOrientationPortrait UIInterfaceOrientationLandscapeLeft UIInterfaceOrientationLandscapeRight";
				LD_RUNPATH_SEARCH_PATHS = (
					"$(inherited)",
					"@executable_path/Frameworks",
				);
				MARKETING_VERSION = 1.0;
				PRODUCT_BUNDLE_IDENTIFIER = "com.uc.AFL3-0706012110046-WilliamJohnsonWongge";
				PRODUCT_NAME = "$(TARGET_NAME)";
				SWIFT_EMIT_LOC_STRINGS = YES;
				SWIFT_VERSION = 5.0;
				TARGETED_DEVICE_FAMILY = "1,2";
			};
			name = Release;
		};
		79938B8C29E8755D00A3F654 /* Debug */ = {
			isa = XCBuildConfiguration;
			buildSettings = {
				ALWAYS_EMBED_SWIFT_STANDARD_LIBRARIES = YES;
				BUNDLE_LOADER = "$(TEST_HOST)";
				CODE_SIGN_STYLE = Automatic;
				CURRENT_PROJECT_VERSION = 1;
				DEVELOPMENT_TEAM = 9L3R52ZN53;
				GENERATE_INFOPLIST_FILE = YES;
				IPHONEOS_DEPLOYMENT_TARGET = 16.4;
				MARKETING_VERSION = 1.0;
				PRODUCT_BUNDLE_IDENTIFIER = "com.uc.AFL3-0706012110046-WilliamJohnsonWonggeTests";
				PRODUCT_NAME = "$(TARGET_NAME)";
				SWIFT_EMIT_LOC_STRINGS = NO;
				SWIFT_VERSION = 5.0;
				TARGETED_DEVICE_FAMILY = "1,2";
				TEST_HOST = "$(BUILT_PRODUCTS_DIR)/AFL3-0706012110046-WilliamJohnsonWongge.app/$(BUNDLE_EXECUTABLE_FOLDER_PATH)/AFL3-0706012110046-WilliamJohnsonWongge";
			};
			name = Debug;
		};
		79938B8D29E8755D00A3F654 /* Release */ = {
			isa = XCBuildConfiguration;
			buildSettings = {
				ALWAYS_EMBED_SWIFT_STANDARD_LIBRARIES = YES;
				BUNDLE_LOADER = "$(TEST_HOST)";
				CODE_SIGN_STYLE = Automatic;
				CURRENT_PROJECT_VERSION = 1;
				DEVELOPMENT_TEAM = 9L3R52ZN53;
				GENERATE_INFOPLIST_FILE = YES;
				IPHONEOS_DEPLOYMENT_TARGET = 16.4;
				MARKETING_VERSION = 1.0;
				PRODUCT_BUNDLE_IDENTIFIER = "com.uc.AFL3-0706012110046-WilliamJohnsonWonggeTests";
				PRODUCT_NAME = "$(TARGET_NAME)";
				SWIFT_EMIT_LOC_STRINGS = NO;
				SWIFT_VERSION = 5.0;
				TARGETED_DEVICE_FAMILY = "1,2";
				TEST_HOST = "$(BUILT_PRODUCTS_DIR)/AFL3-0706012110046-WilliamJohnsonWongge.app/$(BUNDLE_EXECUTABLE_FOLDER_PATH)/AFL3-0706012110046-WilliamJohnsonWongge";
			};
			name = Release;
		};
		79938B8F29E8755D00A3F654 /* Debug */ = {
			isa = XCBuildConfiguration;
			buildSettings = {
				ALWAYS_EMBED_SWIFT_STANDARD_LIBRARIES = YES;
				CODE_SIGN_STYLE = Automatic;
				CURRENT_PROJECT_VERSION = 1;
				DEVELOPMENT_TEAM = 9L3R52ZN53;
				GENERATE_INFOPLIST_FILE = YES;
				MARKETING_VERSION = 1.0;
				PRODUCT_BUNDLE_IDENTIFIER = "com.uc.AFL3-0706012110046-WilliamJohnsonWonggeUITests";
				PRODUCT_NAME = "$(TARGET_NAME)";
				SWIFT_EMIT_LOC_STRINGS = NO;
				SWIFT_VERSION = 5.0;
				TARGETED_DEVICE_FAMILY = "1,2";
				TEST_TARGET_NAME = "AFL3-0706012110046-WilliamJohnsonWongge";
			};
			name = Debug;
		};
		79938B9029E8755D00A3F654 /* Release */ = {
			isa = XCBuildConfiguration;
			buildSettings = {
				ALWAYS_EMBED_SWIFT_STANDARD_LIBRARIES = YES;
				CODE_SIGN_STYLE = Automatic;
				CURRENT_PROJECT_VERSION = 1;
				DEVELOPMENT_TEAM = 9L3R52ZN53;
				GENERATE_INFOPLIST_FILE = YES;
				MARKETING_VERSION = 1.0;
				PRODUCT_BUNDLE_IDENTIFIER = "com.uc.AFL3-0706012110046-WilliamJohnsonWonggeUITests";
				PRODUCT_NAME = "$(TARGET_NAME)";
				SWIFT_EMIT_LOC_STRINGS = NO;
				SWIFT_VERSION = 5.0;
				TARGETED_DEVICE_FAMILY = "1,2";
				TEST_TARGET_NAME = "AFL3-0706012110046-WilliamJohnsonWongge";
			};
			name = Release;
		};
/* End XCBuildConfiguration section */

/* Begin XCConfigurationList section */
		79938B5F29E8755700A3F654 /* Build configuration list for PBXProject "AFL3-0706012110046-WilliamJohnsonWongge" */ = {
			isa = XCConfigurationList;
			buildConfigurations = (
				79938B8629E8755D00A3F654 /* Debug */,
				79938B8729E8755D00A3F654 /* Release */,
			);
			defaultConfigurationIsVisible = 0;
			defaultConfigurationName = Release;
		};
		79938B8829E8755D00A3F654 /* Build configuration list for PBXNativeTarget "AFL3-0706012110046-WilliamJohnsonWongge" */ = {
			isa = XCConfigurationList;
			buildConfigurations = (
				79938B8929E8755D00A3F654 /* Debug */,
				79938B8A29E8755D00A3F654 /* Release */,
			);
			defaultConfigurationIsVisible = 0;
			defaultConfigurationName = Release;
		};
		79938B8B29E8755D00A3F654 /* Build configuration list for PBXNativeTarget "AFL3-0706012110046-WilliamJohnsonWonggeTests" */ = {
			isa = XCConfigurationList;
			buildConfigurations = (
				79938B8C29E8755D00A3F654 /* Debug */,
				79938B8D29E8755D00A3F654 /* Release */,
			);
			defaultConfigurationIsVisible = 0;
			defaultConfigurationName = Release;
		};
		79938B8E29E8755D00A3F654 /* Build configuration list for PBXNativeTarget "AFL3-0706012110046-WilliamJohnsonWonggeUITests" */ = {
			isa = XCConfigurationList;
			buildConfigurations = (
				79938B8F29E8755D00A3F654 /* Debug */,
				79938B9029E8755D00A3F654 /* Release */,
			);
			defaultConfigurationIsVisible = 0;
			defaultConfigurationName = Release;
		};
/* End XCConfigurationList section */
	};
	rootObject = 79938B5C29E8755700A3F654 /* Project object */;
}
